
Microsoft Visual Studio Solution File, Format Version 12.00
# Visual Studio Version 17
VisualStudioVersion = 17.0.32112.339
MinimumVisualStudioVersion = 10.0.40219.1
Project("{6EC3EE1D-3C4E-46DD-8F32-0CC8E7565705}") = "Tests.AltCode.General", "rules\AltCode.Rules.General\Tests.AltCode.General\Tests.AltCode.General.fsproj", "{109BEEDD-43C2-4770-89AD-B8545397B223}"
EndProject
Project("{6EC3EE1D-3C4E-46DD-8F32-0CC8E7565705}") = "AltCode.Rules.General", "rules\AltCode.Rules.General\AltCode.Rules.General.fsproj", "{87A85DD4-D93C-4AD9-A4BE-CA86797AD9AF}"
EndProject
Project("{9A19103F-16F7-4668-BE54-9A1E7A4F7556}") = "Examples.AltCode.General", "rules\AltCode.Rules.General\Tests.AltCode.General\Examples\Examples.AltCode.General.csproj", "{C48AEA80-5EDD-4ECA-9A18-1D634C30B5BB}"
EndProject
Global
	GlobalSection(SolutionConfigurationPlatforms) = preSolution
		Debug|Any CPU = Debug|Any CPU
		Release|Any CPU = Release|Any CPU
	EndGlobalSection
	GlobalSection(ProjectConfigurationPlatforms) = postSolution
		{109BEEDD-43C2-4770-89AD-B8545397B223}.Debug|Any CPU.ActiveCfg = Debug|Any CPU
		{109BEEDD-43C2-4770-89AD-B8545397B223}.Debug|Any CPU.Build.0 = Debug|Any CPU
		{109BEEDD-43C2-4770-89AD-B8545397B223}.Release|Any CPU.ActiveCfg = Release|Any CPU
		{109BEEDD-43C2-4770-89AD-B8545397B223}.Release|Any CPU.Build.0 = Release|Any CPU
		{87A85DD4-D93C-4AD9-A4BE-CA86797AD9AF}.Debug|Any CPU.ActiveCfg = Debug|Any CPU
		{87A85DD4-D93C-4AD9-A4BE-CA86797AD9AF}.Debug|Any CPU.Build.0 = Debug|Any CPU
		{87A85DD4-D93C-4AD9-A4BE-CA86797AD9AF}.Release|Any CPU.ActiveCfg = Release|Any CPU
		{87A85DD4-D93C-4AD9-A4BE-CA86797AD9AF}.Release|Any CPU.Build.0 = Release|Any CPU
		{C48AEA80-5EDD-4ECA-9A18-1D634C30B5BB}.Debug|Any CPU.ActiveCfg = Debug|Any CPU
		{C48AEA80-5EDD-4ECA-9A18-1D634C30B5BB}.Debug|Any CPU.Build.0 = Debug|Any CPU
		{C48AEA80-5EDD-4ECA-9A18-1D634C30B5BB}.Release|Any CPU.ActiveCfg = Release|Any CPU
		{C48AEA80-5EDD-4ECA-9A18-1D634C30B5BB}.Release|Any CPU.Build.0 = Release|Any CPU
	EndGlobalSection
	GlobalSection(SolutionProperties) = preSolution
		HideSolutionNode = FALSE
	EndGlobalSection
	GlobalSection(ExtensibilityGlobals) = postSolution
		SolutionGuid = {24006B68-31B3-4CD3-88BA-292631767FFA}
	EndGlobalSection
EndGlobal
